// !$*UTF8*$!
{
	archiveVersion = 1;
	classes = {
	};
	objectVersion = 46;
	objects = {

/* Begin PBXBuildFile section */
		0C00E4C61F1D6ED60026C46E /* FlimViewController.swift in Sources */ = {isa = PBXBuildFile; fileRef = 0C00E4C51F1D6ED60026C46E /* FlimViewController.swift */; };
		0CE066771F1D49DA00A697ED /* MovieTableViewController.swift in Sources */ = {isa = PBXBuildFile; fileRef = 0CE066761F1D49DA00A697ED /* MovieTableViewController.swift */; };
		0CE066791F1D628C00A697ED /* StarWarsModel.swift in Sources */ = {isa = PBXBuildFile; fileRef = 0CE066781F1D628C00A697ED /* StarWarsModel.swift */; };
		0CE0667B1F1D6BB500A697ED /* PersonViewController.swift in Sources */ = {isa = PBXBuildFile; fileRef = 0CE0667A1F1D6BB500A697ED /* PersonViewController.swift */; };
		0CF610251F196CC000DBDDF1 /* AppDelegate.swift in Sources */ = {isa = PBXBuildFile; fileRef = 0CF610241F196CC000DBDDF1 /* AppDelegate.swift */; };
		0CF610271F196CC000DBDDF1 /* PeopleViewController.swift in Sources */ = {isa = PBXBuildFile; fileRef = 0CF610261F196CC000DBDDF1 /* PeopleViewController.swift */; };
		0CF6102A1F196CC000DBDDF1 /* Main.storyboard in Resources */ = {isa = PBXBuildFile; fileRef = 0CF610281F196CC000DBDDF1 /* Main.storyboard */; };
		0CF6102C1F196CC000DBDDF1 /* Assets.xcassets in Resources */ = {isa = PBXBuildFile; fileRef = 0CF6102B1F196CC000DBDDF1 /* Assets.xcassets */; };
		0CF6102F1F196CC000DBDDF1 /* LaunchScreen.storyboard in Resources */ = {isa = PBXBuildFile; fileRef = 0CF6102D1F196CC000DBDDF1 /* LaunchScreen.storyboard */; };
		0CF6103A1F196CC000DBDDF1 /* StarWarsEncyclopediaTests.swift in Sources */ = {isa = PBXBuildFile; fileRef = 0CF610391F196CC000DBDDF1 /* StarWarsEncyclopediaTests.swift */; };
		0CF610451F196CC000DBDDF1 /* StarWarsEncyclopediaUITests.swift in Sources */ = {isa = PBXBuildFile; fileRef = 0CF610441F196CC000DBDDF1 /* StarWarsEncyclopediaUITests.swift */; };
/* End PBXBuildFile section */

/* Begin PBXContainerItemProxy section */
		0CF610361F196CC000DBDDF1 /* PBXContainerItemProxy */ = {
			isa = PBXContainerItemProxy;
			containerPortal = 0CF610191F196CC000DBDDF1 /* Project object */;
			proxyType = 1;
			remoteGlobalIDString = 0CF610201F196CC000DBDDF1;
			remoteInfo = StarWarsEncyclopedia;
		};
		0CF610411F196CC000DBDDF1 /* PBXContainerItemProxy */ = {
			isa = PBXContainerItemProxy;
			containerPortal = 0CF610191F196CC000DBDDF1 /* Project object */;
			proxyType = 1;
			remoteGlobalIDString = 0CF610201F196CC000DBDDF1;
			remoteInfo = StarWarsEncyclopedia;
		};
/* End PBXContainerItemProxy section */

/* Begin PBXFileReference section */
		0C00E4C51F1D6ED60026C46E /* FlimViewController.swift */ = {isa = PBXFileReference; fileEncoding = 4; lastKnownFileType = sourcecode.swift; path = FlimViewController.swift; sourceTree = "<group>"; };
		0CE066761F1D49DA00A697ED /* MovieTableViewController.swift */ = {isa = PBXFileReference; fileEncoding = 4; lastKnownFileType = sourcecode.swift; path = MovieTableViewController.swift; sourceTree = "<group>"; };
		0CE066781F1D628C00A697ED /* StarWarsModel.swift */ = {isa = PBXFileReference; fileEncoding = 4; lastKnownFileType = sourcecode.swift; name = StarWarsModel.swift; path = StarWarsEncyclopedia/StarWarsModel.swift; sourceTree = "<group>"; };
		0CE0667A1F1D6BB500A697ED /* PersonViewController.swift */ = {isa = PBXFileReference; fileEncoding = 4; lastKnownFileType = sourcecode.swift; path = PersonViewController.swift; sourceTree = "<group>"; };
		0CF610211F196CC000DBDDF1 /* StarWarsEncyclopedia.app */ = {isa = PBXFileReference; explicitFileType = wrapper.application; includeInIndex = 0; path = StarWarsEncyclopedia.app; sourceTree = BUILT_PRODUCTS_DIR; };
		0CF610241F196CC000DBDDF1 /* AppDelegate.swift */ = {isa = PBXFileReference; lastKnownFileType = sourcecode.swift; path = AppDelegate.swift; sourceTree = "<group>"; };
		0CF610261F196CC000DBDDF1 /* PeopleViewController.swift */ = {isa = PBXFileReference; lastKnownFileType = sourcecode.swift; path = PeopleViewController.swift; sourceTree = "<group>"; };
		0CF610291F196CC000DBDDF1 /* Base */ = {isa = PBXFileReference; lastKnownFileType = file.storyboard; name = Base; path = Base.lproj/Main.storyboard; sourceTree = "<group>"; };
		0CF6102B1F196CC000DBDDF1 /* Assets.xcassets */ = {isa = PBXFileReference; lastKnownFileType = folder.assetcatalog; path = Assets.xcassets; sourceTree = "<group>"; };
		0CF6102E1F196CC000DBDDF1 /* Base */ = {isa = PBXFileReference; lastKnownFileType = file.storyboard; name = Base; path = Base.lproj/LaunchScreen.storyboard; sourceTree = "<group>"; };
		0CF610301F196CC000DBDDF1 /* Info.plist */ = {isa = PBXFileReference; lastKnownFileType = text.plist.xml; path = Info.plist; sourceTree = "<group>"; };
		0CF610351F196CC000DBDDF1 /* StarWarsEncyclopediaTests.xctest */ = {isa = PBXFileReference; explicitFileType = wrapper.cfbundle; includeInIndex = 0; path = StarWarsEncyclopediaTests.xctest; sourceTree = BUILT_PRODUCTS_DIR; };
		0CF610391F196CC000DBDDF1 /* StarWarsEncyclopediaTests.swift */ = {isa = PBXFileReference; lastKnownFileType = sourcecode.swift; path = StarWarsEncyclopediaTests.swift; sourceTree = "<group>"; };
		0CF6103B1F196CC000DBDDF1 /* Info.plist */ = {isa = PBXFileReference; lastKnownFileType = text.plist.xml; path = Info.plist; sourceTree = "<group>"; };
		0CF610401F196CC000DBDDF1 /* StarWarsEncyclopediaUITests.xctest */ = {isa = PBXFileReference; explicitFileType = wrapper.cfbundle; includeInIndex = 0; path = StarWarsEncyclopediaUITests.xctest; sourceTree = BUILT_PRODUCTS_DIR; };
		0CF610441F196CC000DBDDF1 /* StarWarsEncyclopediaUITests.swift */ = {isa = PBXFileReference; lastKnownFileType = sourcecode.swift; path = StarWarsEncyclopediaUITests.swift; sourceTree = "<group>"; };
		0CF610461F196CC000DBDDF1 /* Info.plist */ = {isa = PBXFileReference; lastKnownFileType = text.plist.xml; path = Info.plist; sourceTree = "<group>"; };
/* End PBXFileReference section */

/* Begin PBXFrameworksBuildPhase section */
		0CF6101E1F196CC000DBDDF1 /* Frameworks */ = {
			isa = PBXFrameworksBuildPhase;
			buildActionMask = 2147483647;
			files = (
			);
			runOnlyForDeploymentPostprocessing = 0;
		};
		0CF610321F196CC000DBDDF1 /* Frameworks */ = {
			isa = PBXFrameworksBuildPhase;
			buildActionMask = 2147483647;
			files = (
			);
			runOnlyForDeploymentPostprocessing = 0;
		};
		0CF6103D1F196CC000DBDDF1 /* Frameworks */ = {
			isa = PBXFrameworksBuildPhase;
			buildActionMask = 2147483647;
			files = (
			);
			runOnlyForDeploymentPostprocessing = 0;
		};
/* End PBXFrameworksBuildPhase section */

/* Begin PBXGroup section */
		0CF610181F196CC000DBDDF1 = {
			isa = PBXGroup;
			children = (
				0CE066781F1D628C00A697ED /* StarWarsModel.swift */,
				0CF610231F196CC000DBDDF1 /* StarWarsEncyclopedia */,
				0CF610381F196CC000DBDDF1 /* StarWarsEncyclopediaTests */,
				0CF610431F196CC000DBDDF1 /* StarWarsEncyclopediaUITests */,
				0CF610221F196CC000DBDDF1 /* Products */,
			);
			sourceTree = "<group>";
		};
		0CF610221F196CC000DBDDF1 /* Products */ = {
			isa = PBXGroup;
			children = (
				0CF610211F196CC000DBDDF1 /* StarWarsEncyclopedia.app */,
				0CF610351F196CC000DBDDF1 /* StarWarsEncyclopediaTests.xctest */,
				0CF610401F196CC000DBDDF1 /* StarWarsEncyclopediaUITests.xctest */,
			);
			name = Products;
			sourceTree = "<group>";
		};
		0CF610231F196CC000DBDDF1 /* StarWarsEncyclopedia */ = {
			isa = PBXGroup;
			children = (
				0CF610241F196CC000DBDDF1 /* AppDelegate.swift */,
				0CF610261F196CC000DBDDF1 /* PeopleViewController.swift */,
				0CF610281F196CC000DBDDF1 /* Main.storyboard */,
				0C00E4C51F1D6ED60026C46E /* FlimViewController.swift */,
				0CE0667A1F1D6BB500A697ED /* PersonViewController.swift */,
				0CE066761F1D49DA00A697ED /* MovieTableViewController.swift */,
				0CF6102B1F196CC000DBDDF1 /* Assets.xcassets */,
				0CF6102D1F196CC000DBDDF1 /* LaunchScreen.storyboard */,
				0CF610301F196CC000DBDDF1 /* Info.plist */,
			);
			path = StarWarsEncyclopedia;
			sourceTree = "<group>";
		};
		0CF610381F196CC000DBDDF1 /* StarWarsEncyclopediaTests */ = {
			isa = PBXGroup;
			children = (
				0CF610391F196CC000DBDDF1 /* StarWarsEncyclopediaTests.swift */,
				0CF6103B1F196CC000DBDDF1 /* Info.plist */,
			);
			path = StarWarsEncyclopediaTests;
			sourceTree = "<group>";
		};
		0CF610431F196CC000DBDDF1 /* StarWarsEncyclopediaUITests */ = {
			isa = PBXGroup;
			children = (
				0CF610441F196CC000DBDDF1 /* StarWarsEncyclopediaUITests.swift */,
				0CF610461F196CC000DBDDF1 /* Info.plist */,
			);
			path = StarWarsEncyclopediaUITests;
			sourceTree = "<group>";
		};
/* End PBXGroup section */

/* Begin PBXNativeTarget section */
		0CF610201F196CC000DBDDF1 /* StarWarsEncyclopedia */ = {
			isa = PBXNativeTarget;
			buildConfigurationList = 0CF610491F196CC000DBDDF1 /* Build configuration list for PBXNativeTarget "StarWarsEncyclopedia" */;
			buildPhases = (
				0CF6101D1F196CC000DBDDF1 /* Sources */,
				0CF6101E1F196CC000DBDDF1 /* Frameworks */,
				0CF6101F1F196CC000DBDDF1 /* Resources */,
			);
			buildRules = (
			);
			dependencies = (
			);
			name = StarWarsEncyclopedia;
			productName = StarWarsEncyclopedia;
			productReference = 0CF610211F196CC000DBDDF1 /* StarWarsEncyclopedia.app */;
			productType = "com.apple.product-type.application";
		};
		0CF610341F196CC000DBDDF1 /* StarWarsEncyclopediaTests */ = {
			isa = PBXNativeTarget;
			buildConfigurationList = 0CF6104C1F196CC000DBDDF1 /* Build configuration list for PBXNativeTarget "StarWarsEncyclopediaTests" */;
			buildPhases = (
				0CF610311F196CC000DBDDF1 /* Sources */,
				0CF610321F196CC000DBDDF1 /* Frameworks */,
				0CF610331F196CC000DBDDF1 /* Resources */,
			);
			buildRules = (
			);
			dependencies = (
				0CF610371F196CC000DBDDF1 /* PBXTargetDependency */,
			);
			name = StarWarsEncyclopediaTests;
			productName = StarWarsEncyclopediaTests;
			productReference = 0CF610351F196CC000DBDDF1 /* StarWarsEncyclopediaTests.xctest */;
			productType = "com.apple.product-type.bundle.unit-test";
		};
		0CF6103F1F196CC000DBDDF1 /* StarWarsEncyclopediaUITests */ = {
			isa = PBXNativeTarget;
			buildConfigurationList = 0CF6104F1F196CC000DBDDF1 /* Build configuration list for PBXNativeTarget "StarWarsEncyclopediaUITests" */;
			buildPhases = (
				0CF6103C1F196CC000DBDDF1 /* Sources */,
				0CF6103D1F196CC000DBDDF1 /* Frameworks */,
				0CF6103E1F196CC000DBDDF1 /* Resources */,
			);
			buildRules = (
			);
			dependencies = (
				0CF610421F196CC000DBDDF1 /* PBXTargetDependency */,
			);
			name = StarWarsEncyclopediaUITests;
			productName = StarWarsEncyclopediaUITests;
			productReference = 0CF610401F196CC000DBDDF1 /* StarWarsEncyclopediaUITests.xctest */;
			productType = "com.apple.product-type.bundle.ui-testing";
		};
/* End PBXNativeTarget section */

/* Begin PBXProject section */
		0CF610191F196CC000DBDDF1 /* Project object */ = {
			isa = PBXProject;
			attributes = {
				LastSwiftUpdateCheck = 0830;
				LastUpgradeCheck = 0830;
				ORGANIZATIONNAME = Placoderm;
				TargetAttributes = {
					0CF610201F196CC000DBDDF1 = {
						CreatedOnToolsVersion = 8.3.3;
						ProvisioningStyle = Automatic;
					};
					0CF610341F196CC000DBDDF1 = {
						CreatedOnToolsVersion = 8.3.3;
						ProvisioningStyle = Automatic;
						TestTargetID = 0CF610201F196CC000DBDDF1;
					};
					0CF6103F1F196CC000DBDDF1 = {
						CreatedOnToolsVersion = 8.3.3;
						ProvisioningStyle = Automatic;
						TestTargetID = 0CF610201F196CC000DBDDF1;
					};
				};
			};
			buildConfigurationList = 0CF6101C1F196CC000DBDDF1 /* Build configuration list for PBXProject "StarWarsEncyclopedia" */;
			compatibilityVersion = "Xcode 3.2";
			developmentRegion = English;
			hasScannedForEncodings = 0;
			knownRegions = (
				en,
				Base,
			);
			mainGroup = 0CF610181F196CC000DBDDF1;
			productRefGroup = 0CF610221F196CC000DBDDF1 /* Products */;
			projectDirPath = "";
			projectRoot = "";
			targets = (
				0CF610201F196CC000DBDDF1 /* StarWarsEncyclopedia */,
				0CF610341F196CC000DBDDF1 /* StarWarsEncyclopediaTests */,
				0CF6103F1F196CC000DBDDF1 /* StarWarsEncyclopediaUITests */,
			);
		};
/* End PBXProject section */

/* Begin PBXResourcesBuildPhase section */
		0CF6101F1F196CC000DBDDF1 /* Resources */ = {
			isa = PBXResourcesBuildPhase;
			buildActionMask = 2147483647;
			files = (
				0CF6102F1F196CC000DBDDF1 /* LaunchScreen.storyboard in Resources */,
				0CF6102C1F196CC000DBDDF1 /* Assets.xcassets in Resources */,
				0CF6102A1F196CC000DBDDF1 /* Main.storyboard in Resources */,
			);
			runOnlyForDeploymentPostprocessing = 0;
		};
		0CF610331F196CC000DBDDF1 /* Resources */ = {
			isa = PBXResourcesBuildPhase;
			buildActionMask = 2147483647;
			files = (
			);
			runOnlyForDeploymentPostprocessing = 0;
		};
		0CF6103E1F196CC000DBDDF1 /* Resources */ = {
			isa = PBXResourcesBuildPhase;
			buildActionMask = 2147483647;
			files = (
			);
			runOnlyForDeploymentPostprocessing = 0;
		};
/* End PBXResourcesBuildPhase section */

/* Begin PBXSourcesBuildPhase section */
		0CF6101D1F196CC000DBDDF1 /* Sources */ = {
			isa = PBXSourcesBuildPhase;
			buildActionMask = 2147483647;
			files = (
				0CE0667B1F1D6BB500A697ED /* PersonViewController.swift in Sources */,
				0CF610271F196CC000DBDDF1 /* PeopleViewController.swift in Sources */,
				0CF610251F196CC000DBDDF1 /* AppDelegate.swift in Sources */,
				0CE066791F1D628C00A697ED /* StarWarsModel.swift in Sources */,
				0C00E4C61F1D6ED60026C46E /* FlimViewController.swift in Sources */,
				0CE066771F1D49DA00A697ED /* MovieTableViewController.swift in Sources */,
			);
			runOnlyForDeploymentPostprocessing = 0;
		};
		0CF610311F196CC000DBDDF1 /* Sources */ = {
			isa = PBXSourcesBuildPhase;
			buildActionMask = 2147483647;
			files = (
				0CF6103A1F196CC000DBDDF1 /* StarWarsEncyclopediaTests.swift in Sources */,
			);
			runOnlyForDeploymentPostprocessing = 0;
		};
		0CF6103C1F196CC000DBDDF1 /* Sources */ = {
			isa = PBXSourcesBuildPhase;
			buildActionMask = 2147483647;
			files = (
				0CF610451F196CC000DBDDF1 /* StarWarsEncyclopediaUITests.swift in Sources */,
			);
			runOnlyForDeploymentPostprocessing = 0;
		};
/* End PBXSourcesBuildPhase section */

/* Begin PBXTargetDependency section */
		0CF610371F196CC000DBDDF1 /* PBXTargetDependency */ = {
			isa = PBXTargetDependency;
			target = 0CF610201F196CC000DBDDF1 /* StarWarsEncyclopedia */;
			targetProxy = 0CF610361F196CC000DBDDF1 /* PBXContainerItemProxy */;
		};
		0CF610421F196CC000DBDDF1 /* PBXTargetDependency */ = {
			isa = PBXTargetDependency;
			target = 0CF610201F196CC000DBDDF1 /* StarWarsEncyclopedia */;
			targetProxy = 0CF610411F196CC000DBDDF1 /* PBXContainerItemProxy */;
		};
/* End PBXTargetDependency section */

/* Begin PBXVariantGroup section */
		0CF610281F196CC000DBDDF1 /* Main.storyboard */ = {
			isa = PBXVariantGroup;
			children = (
				0CF610291F196CC000DBDDF1 /* Base */,
			);
			name = Main.storyboard;
			sourceTree = "<group>";
		};
		0CF6102D1F196CC000DBDDF1 /* LaunchScreen.storyboard */ = {
			isa = PBXVariantGroup;
			children = (
				0CF6102E1F196CC000DBDDF1 /* Base */,
			);
			name = LaunchScreen.storyboard;
			sourceTree = "<group>";
		};
/* End PBXVariantGroup section */

/* Begin XCBuildConfiguration section */
		0CF610471F196CC000DBDDF1 /* Debug */ = {
			isa = XCBuildConfiguration;
			buildSettings = {
				ALWAYS_SEARCH_USER_PATHS = NO;
				CLANG_ANALYZER_NONNULL = YES;
				CLANG_ANALYZER_NUMBER_OBJECT_CONVERSION = YES_AGGRESSIVE;
				CLANG_CXX_LANGUAGE_STANDARD = "gnu++0x";
				CLANG_CXX_LIBRARY = "libc++";
				CLANG_ENABLE_MODULES = YES;
				CLANG_ENABLE_OBJC_ARC = YES;
				CLANG_WARN_BOOL_CONVERSION = YES;
				CLANG_WARN_CONSTANT_CONVERSION = YES;
				CLANG_WARN_DIRECT_OBJC_ISA_USAGE = YES_ERROR;
				CLANG_WARN_DOCUMENTATION_COMMENTS = YES;
				CLANG_WARN_EMPTY_BODY = YES;
				CLANG_WARN_ENUM_CONVERSION = YES;
				CLANG_WARN_INFINITE_RECURSION = YES;
				CLANG_WARN_INT_CONVERSION = YES;
				CLANG_WARN_OBJC_ROOT_CLASS = YES_ERROR;
				CLANG_WARN_SUSPICIOUS_MOVE = YES;
				CLANG_WARN_UNREACHABLE_CODE = YES;
				CLANG_WARN__DUPLICATE_METHOD_MATCH = YES;
				"CODE_SIGN_IDENTITY[sdk=iphoneos*]" = "iPhone Developer";
				COPY_PHASE_STRIP = NO;
				DEBUG_INFORMATION_FORMAT = dwarf;
				ENABLE_STRICT_OBJC_MSGSEND = YES;
				ENABLE_TESTABILITY = YES;
				GCC_C_LANGUAGE_STANDARD = gnu99;
				GCC_DYNAMIC_NO_PIC = NO;
				GCC_NO_COMMON_BLOCKS = YES;
				GCC_OPTIMIZATION_LEVEL = 0;
				GCC_PREPROCESSOR_DEFINITIONS = (
					"DEBUG=1",
					"$(inherited)",
				);
				GCC_WARN_64_TO_32_BIT_CONVERSION = YES;
				GCC_WARN_ABOUT_RETURN_TYPE = YES_ERROR;
				GCC_WARN_UNDECLARED_SELECTOR = YES;
				GCC_WARN_UNINITIALIZED_AUTOS = YES_AGGRESSIVE;
				GCC_WARN_UNUSED_FUNCTION = YES;
				GCC_WARN_UNUSED_VARIABLE = YES;
				IPHONEOS_DEPLOYMENT_TARGET = 10.3;
				MTL_ENABLE_DEBUG_INFO = YES;
				ONLY_ACTIVE_ARCH = YES;
				SDKROOT = iphoneos;
				SWIFT_ACTIVE_COMPILATION_CONDITIONS = DEBUG;
				SWIFT_OPTIMIZATION_LEVEL = "-Onone";
				TARGETED_DEVICE_FAMILY = "1,2";
			};
			name = Debug;
		};
		0CF610481F196CC000DBDDF1 /* Release */ = {
			isa = XCBuildConfiguration;
			buildSettings = {
				ALWAYS_SEARCH_USER_PATHS = NO;
				CLANG_ANALYZER_NONNULL = YES;
				CLANG_ANALYZER_NUMBER_OBJECT_CONVERSION = YES_AGGRESSIVE;
				CLANG_CXX_LANGUAGE_STANDARD = "gnu++0x";
				CLANG_CXX_LIBRARY = "libc++";
				CLANG_ENABLE_MODULES = YES;
				CLANG_ENABLE_OBJC_ARC = YES;
				CLANG_WARN_BOOL_CONVERSION = YES;
				CLANG_WARN_CONSTANT_CONVERSION = YES;
				CLANG_WARN_DIRECT_OBJC_ISA_USAGE = YES_ERROR;
				CLANG_WARN_DOCUMENTATION_COMMENTS = YES;
				CLANG_WARN_EMPTY_BODY = YES;
				CLANG_WARN_ENUM_CONVERSION = YES;
				CLANG_WARN_INFINITE_RECURSION = YES;
				CLANG_WARN_INT_CONVERSION = YES;
				CLANG_WARN_OBJC_ROOT_CLASS = YES_ERROR;
				CLANG_WARN_SUSPICIOUS_MOVE = YES;
				CLANG_WARN_UNREACHABLE_CODE = YES;
				CLANG_WARN__DUPLICATE_METHOD_MATCH = YES;
				"CODE_SIGN_IDENTITY[sdk=iphoneos*]" = "iPhone Developer";
				COPY_PHASE_STRIP = NO;
				DEBUG_INFORMATION_FORMAT = "dwarf-with-dsym";
				ENABLE_NS_ASSERTIONS = NO;
				ENABLE_STRICT_OBJC_MSGSEND = YES;
				GCC_C_LANGUAGE_STANDARD = gnu99;
				GCC_NO_COMMON_BLOCKS = YES;
				GCC_WARN_64_TO_32_BIT_CONVERSION = YES;
				GCC_WARN_ABOUT_RETURN_TYPE = YES_ERROR;
				GCC_WARN_UNDECLARED_SELECTOR = YES;
				GCC_WARN_UNINITIALIZED_AUTOS = YES_AGGRESSIVE;
				GCC_WARN_UNUSED_FUNCTION = YES;
				GCC_WARN_UNUSED_VARIABLE = YES;
				IPHONEOS_DEPLOYMENT_TARGET = 10.3;
				MTL_ENABLE_DEBUG_INFO = NO;
				SDKROOT = iphoneos;
				SWIFT_OPTIMIZATION_LEVEL = "-Owholemodule";
				TARGETED_DEVICE_FAMILY = "1,2";
				VALIDATE_PRODUCT = YES;
			};
			name = Release;
		};
		0CF6104A1F196CC000DBDDF1 /* Debug */ = {
			isa = XCBuildConfiguration;
			buildSettings = {
				ASSETCATALOG_COMPILER_APPICON_NAME = AppIcon;
				INFOPLIST_FILE = StarWarsEncyclopedia/Info.plist;
				LD_RUNPATH_SEARCH_PATHS = "$(inherited) @executable_path/Frameworks";
				PRODUCT_BUNDLE_IDENTIFIER = "-.StarWarsEncyclopedia";
				PRODUCT_NAME = "$(TARGET_NAME)";
				SWIFT_VERSION = 3.0;
			};
			name = Debug;
		};
		0CF6104B1F196CC000DBDDF1 /* Release */ = {
			isa = XCBuildConfiguration;
			buildSettings = {
				ASSETCATALOG_COMPILER_APPICON_NAME = AppIcon;
				INFOPLIST_FILE = StarWarsEncyclopedia/Info.plist;
				LD_RUNPATH_SEARCH_PATHS = "$(inherited) @executable_path/Frameworks";
				PRODUCT_BUNDLE_IDENTIFIER = "-.StarWarsEncyclopedia";
				PRODUCT_NAME = "$(TARGET_NAME)";
				SWIFT_VERSION = 3.0;
			};
			name = Release;
		};
		0CF6104D1F196CC000DBDDF1 /* Debug */ = {
			isa = XCBuildConfiguration;
			buildSettings = {
				ALWAYS_EMBED_SWIFT_STANDARD_LIBRARIES = YES;
				BUNDLE_LOADER = "$(TEST_HOST)";
				INFOPLIST_FILE = StarWarsEncyclopediaTests/Info.plist;
				LD_RUNPATH_SEARCH_PATHS = "$(inherited) @executable_path/Frameworks @loader_path/Frameworks";
				PRODUCT_BUNDLE_IDENTIFIER = "-.StarWarsEncyclopediaTests";
				PRODUCT_NAME = "$(TARGET_NAME)";
				SWIFT_VERSION = 3.0;
				TEST_HOST = "$(BUILT_PRODUCTS_DIR)/StarWarsEncyclopedia.app/StarWarsEncyclopedia";
			};
			name = Debug;
		};
		0CF6104E1F196CC000DBDDF1 /* Release */ = {
			isa = XCBuildConfiguration;
			buildSettings = {
				ALWAYS_EMBED_SWIFT_STANDARD_LIBRARIES = YES;
				BUNDLE_LOADER = "$(TEST_HOST)";
				INFOPLIST_FILE = StarWarsEncyclopediaTests/Info.plist;
				LD_RUNPATH_SEARCH_PATHS = "$(inherited) @executable_path/Frameworks @loader_path/Frameworks";
				PRODUCT_BUNDLE_IDENTIFIER = "-.StarWarsEncyclopediaTests";
				PRODUCT_NAME = "$(TARGET_NAME)";
				SWIFT_VERSION = 3.0;
				TEST_HOST = "$(BUILT_PRODUCTS_DIR)/StarWarsEncyclopedia.app/StarWarsEncyclopedia";
			};
			name = Release;
		};
		0CF610501F196CC000DBDDF1 /* Debug */ = {
			isa = XCBuildConfiguration;
			buildSettings = {
				ALWAYS_EMBED_SWIFT_STANDARD_LIBRARIES = YES;
				INFOPLIST_FILE = StarWarsEncyclopediaUITests/Info.plist;
				LD_RUNPATH_SEARCH_PATHS = "$(inherited) @executable_path/Frameworks @loader_path/Frameworks";
				PRODUCT_BUNDLE_IDENTIFIER = "-.StarWarsEncyclopediaUITests";
				PRODUCT_NAME = "$(TARGET_NAME)";
				SWIFT_VERSION = 3.0;
				TEST_TARGET_NAME = StarWarsEncyclopedia;
			};
			name = Debug;
		};
		0CF610511F196CC000DBDDF1 /* Release */ = {
			isa = XCBuildConfiguration;
			buildSettings = {
				ALWAYS_EMBED_SWIFT_STANDARD_LIBRARIES = YES;
				INFOPLIST_FILE = StarWarsEncyclopediaUITests/Info.plist;
				LD_RUNPATH_SEARCH_PATHS = "$(inherited) @executable_path/Frameworks @loader_path/Frameworks";
				PRODUCT_BUNDLE_IDENTIFIER = "-.StarWarsEncyclopediaUITests";
				PRODUCT_NAME = "$(TARGET_NAME)";
				SWIFT_VERSION = 3.0;
				TEST_TARGET_NAME = StarWarsEncyclopedia;
			};
			name = Release;
		};
/* End XCBuildConfiguration section */

/* Begin XCConfigurationList section */
		0CF6101C1F196CC000DBDDF1 /* Build configuration list for PBXProject "StarWarsEncyclopedia" */ = {
			isa = XCConfigurationList;
			buildConfigurations = (
				0CF610471F196CC000DBDDF1 /* Debug */,
				0CF610481F196CC000DBDDF1 /* Release */,
			);
			defaultConfigurationIsVisible = 0;
			defaultConfigurationName = Release;
		};
		0CF610491F196CC000DBDDF1 /* Build configuration list for PBXNativeTarget "StarWarsEncyclopedia" */ = {
			isa = XCConfigurationList;
			buildConfigurations = (
				0CF6104A1F196CC000DBDDF1 /* Debug */,
				0CF6104B1F196CC000DBDDF1 /* Release */,
			);
			defaultConfigurationIsVisible = 0;
			defaultConfigurationName = Release;
		};
		0CF6104C1F196CC000DBDDF1 /* Build configuration list for PBXNativeTarget "StarWarsEncyclopediaTests" */ = {
			isa = XCConfigurationList;
			buildConfigurations = (
				0CF6104D1F196CC000DBDDF1 /* Debug */,
				0CF6104E1F196CC000DBDDF1 /* Release */,
			);
			defaultConfigurationIsVisible = 0;
			defaultConfigurationName = Release;
		};
		0CF6104F1F196CC000DBDDF1 /* Build configuration list for PBXNativeTarget "StarWarsEncyclopediaUITests" */ = {
			isa = XCConfigurationList;
			buildConfigurations = (
				0CF610501F196CC000DBDDF1 /* Debug */,
				0CF610511F196CC000DBDDF1 /* Release */,
			);
			defaultConfigurationIsVisible = 0;
			defaultConfigurationName = Release;
		};
/* End XCConfigurationList section */
	};
	rootObject = 0CF610191F196CC000DBDDF1 /* Project object */;
}
